{
  "nodes": {
    "flake-utils": {
      "inputs": {
        "systems": "systems"
      },
      "locked": {
        "lastModified": 1694529238,
        "narHash": "sha256-zsNZZGTGnMOf9YpHKJqMSsa0dXbfmxeoJ7xHlrt+xmY=",
        "owner": "numtide",
        "repo": "flake-utils",
        "rev": "ff7b65b44d01cf9ba6a71320833626af21126384",
        "type": "github"
      },
      "original": {
        "owner": "numtide",
        "repo": "flake-utils",
        "type": "github"
      }
    },
    "nix-zsh-completions": {
      "flake": false,
      "locked": {
        "lastModified": 1696846724,
        "narHash": "sha256-JStpIKU+jU6TkXToTONfdEhLjaASGzC+tRmSJRiqKWU=",
        "owner": "spwhitt",
        "repo": "nix-zsh-completions",
        "rev": "a7c8781b5a18026fbc3edb36397931526f243590",
        "type": "github"
      },
      "original": {
        "owner": "spwhitt",
        "repo": "nix-zsh-completions",
        "type": "github"
      }
    },
    "nixpkgs": {
      "locked": {
        "lastModified": 1700336871,
        "narHash": "sha256-7pTaEC9gp2dfEIJvaKXp4IVkACy+/vz+T1K/IuLbIm4=",
        "owner": "NixOs",
        "repo": "nixpkgs",
        "rev": "8896579a831d6fd427de8e46d770c139ac2105c8",
        "type": "github"
      },
      "original": {
        "owner": "NixOs",
        "repo": "nixpkgs",
        "type": "github"
      }
    },
    "root": {
      "inputs": {
        "flake-utils": "flake-utils",
        "nix-zsh-completions": "nix-zsh-completions",
        "nixpkgs": "nixpkgs",
        "zsh-autosuggestions": "zsh-autosuggestions",
        "zsh-syntax-highlighting": "zsh-syntax-highlighting"
      }
    },
    "systems": {
      "locked": {
        "lastModified": 1681028828,
        "narHash": "sha256-Vy1rq5AaRuLzOxct8nz4T6wlgyUR7zLU309k9mBC768=",
        "owner": "nix-systems",
        "repo": "default",
        "rev": "da67096a3b9bf56a91d16901293e51ba5b49a27e",
        "type": "github"
      },
      "original": {
        "owner": "nix-systems",
        "repo": "default",
        "type": "github"
      }
    },
    "zsh-autosuggestions": {
      "flake": false,
      "locked": {
        "lastModified": 1694098728,
        "narHash": "sha256-B+Kz3B7d97CM/3ztpQyVkE6EfMipVF8Y4HJNfSRXHtU=",
        "owner": "zsh-users",
        "repo": "zsh-autosuggestions",
        "rev": "c3d4e576c9c86eac62884bd47c01f6faed043fc5",
        "type": "github"
      },
      "original": {
        "owner": "zsh-users",
        "repo": "zsh-autosuggestions",
        "type": "github"
      }
    },
    "zsh-syntax-highlighting": {
      "flake": false,
      "locked": {
        "lastModified": 1698603908,
        "narHash": "sha256-bD0oKXSw9lucJR+6/O16m7prwA1cP36C0Tvh5mklapw=",
        "owner": "zsh-users",
        "repo": "zsh-syntax-highlighting",
        "rev": "bb27265aeeb0a22fb77f1275118a5edba260ec47",
        "type": "github"
      },
      "original": {
        "owner": "zsh-users",
        "repo": "zsh-syntax-highlighting",
        "type": "github"
      }
    }
  },
  "root": "root",
  "version": 7
}
