{
  "nodes": {
    "flake-utils": {
      "inputs": {
        "systems": "systems"
      },
      "locked": {
        "lastModified": 1705309234,
        "narHash": "sha256-uNRRNRKmJyCRC/8y1RqBkqWBLM034y4qN7EprSdmgyA=",
        "owner": "numtide",
        "repo": "flake-utils",
        "rev": "1ef2e671c3b0c19053962c07dbda38332dcebf26",
        "type": "github"
      },
      "original": {
        "owner": "numtide",
        "repo": "flake-utils",
        "type": "github"
      }
    },
    "nix-zsh-completions": {
      "flake": false,
      "locked": {
        "lastModified": 1696846724,
        "narHash": "sha256-JStpIKU+jU6TkXToTONfdEhLjaASGzC+tRmSJRiqKWU=",
        "owner": "spwhitt",
        "repo": "nix-zsh-completions",
        "rev": "a7c8781b5a18026fbc3edb36397931526f243590",
        "type": "github"
      },
      "original": {
        "owner": "spwhitt",
        "repo": "nix-zsh-completions",
        "type": "github"
      }
    },
    "nixpkgs": {
      "locked": {
        "lastModified": 1706973103,
        "narHash": "sha256-CO3a8BnKpot3gzka7A7mSBkJLjRCX2vPScSjt7EKN3Q=",
        "owner": "NixOs",
        "repo": "nixpkgs",
        "rev": "3416a119e9e83738625d05bf1ed8f685f502f87b",
        "type": "github"
      },
      "original": {
        "owner": "NixOs",
        "repo": "nixpkgs",
        "type": "github"
      }
    },
    "root": {
      "inputs": {
        "flake-utils": "flake-utils",
        "nix-zsh-completions": "nix-zsh-completions",
        "nixpkgs": "nixpkgs",
        "zsh-abbr": "zsh-abbr",
        "zsh-tipz": "zsh-tipz"
      }
    },
    "systems": {
      "locked": {
        "lastModified": 1681028828,
        "narHash": "sha256-Vy1rq5AaRuLzOxct8nz4T6wlgyUR7zLU309k9mBC768=",
        "owner": "nix-systems",
        "repo": "default",
        "rev": "da67096a3b9bf56a91d16901293e51ba5b49a27e",
        "type": "github"
      },
      "original": {
        "owner": "nix-systems",
        "repo": "default",
        "type": "github"
      }
    },
    "zsh-abbr": {
      "flake": false,
      "locked": {
        "lastModified": 1722564773,
        "narHash": "sha256-XOY5MZrynfnRs7n0y/ozKXLSYJPyhalRkfCKYAWnVUE=",
        "owner": "olets",
        "repo": "zsh-abbr",
        "rev": "20024bd09183b53d19bba026e8b3b3711437b5ca",
        "type": "github"
      },
      "original": {
        "owner": "olets",
        "repo": "zsh-abbr",
        "type": "github"
      }
    },
    "zsh-tipz": {
      "flake": false,
      "locked": {
        "lastModified": 1525349907,
        "narHash": "sha256-oFZJwHYDfK4f53lhcZg6PCw2AgHxFC0CRiqiinKZz8k=",
        "owner": "molovo",
        "repo": "tipz",
        "rev": "594eab4642cc6dcfe063ecd51d76478bd84e2878",
        "type": "github"
      },
      "original": {
        "owner": "molovo",
        "repo": "tipz",
        "type": "github"
      }
    }
  },
  "root": "root",
  "version": 7
}
